<?xml version="1.0" encoding="UTF-8" standalone="yes" ?>
<CodeBlocks_project_file>
	<FileVersion major="1" minor="6" />
	<Project>
		<Option title="listctrl" />
		<Option execution_dir="." />
		<Option pch_mode="2" />
		<Option compiler="gcc" />
		<Build>
			<Target title="win_gcc">
				<Option output="bin/$(TARGET_NAME)/$(PROJECT_NAME)" prefix_auto="1" extension_auto="1" />
				<Option object_output=".objs/$(TARGET_NAME)" />
				<Option type="0" />
				<Option compiler="gcc" />
				<Option projectLinkerOptionsRelation="2" />
				<Compiler>
					<Add option="`$(WX_CONFIG) --cflags`" />
				</Compiler>
				<Linker>
					<Add option="`$(WX_CONFIG) --libs base,core,adv`" />
					<Add directory="$(WXWIN)/lib/$(WXCFG)" />
				</Linker>
				<Environment>
					<Variable name="WX_CONFIG" value="wx-config --compiler=gcc --wxcfg=$(WXCFG)" />
				</Environment>
			</Target>
		</Build>
		<VirtualTargets>
			<Add alias="All" targets="win_gcc;" />
		</VirtualTargets>
		<ResourceCompiler>
			<Add directory="%WXWIN%/include" />
			<Add directory=".." />
		</ResourceCompiler>
		<Unit filename="bitmaps/small1.ico" />
		<Unit filename="bitmaps/small1.xpm" />
		<Unit filename="bitmaps/toolbrai.ico" />
		<Unit filename="bitmaps/toolbrai.xpm" />
		<Unit filename="bitmaps/toolchar.ico" />
		<Unit filename="bitmaps/toolchar.xpm" />
		<Unit filename="bitmaps/toolchec.ico" />
		<Unit filename="bitmaps/toolchec.xpm" />
		<Unit filename="bitmaps/tooldata.ico" />
		<Unit filename="bitmaps/tooldata.xpm" />
		<Unit filename="bitmaps/toolgame.ico" />
		<Unit filename="bitmaps/toolgame.xpm" />
		<Unit filename="bitmaps/toolnote.ico" />
		<Unit filename="bitmaps/toolnote.xpm" />
		<Unit filename="bitmaps/tooltime.ico" />
		<Unit filename="bitmaps/tooltime.xpm" />
		<Unit filename="bitmaps/tooltodo.ico" />
		<Unit filename="bitmaps/tooltodo.xpm" />
		<Unit filename="bitmaps/toolword.ico" />
		<Unit filename="bitmaps/toolword.xpm" />
		<Unit filename="listtest.cpp" />
		<Unit filename="listtest.h" />
		<Unit filename="listtest.rc">
			<Option compilerVar="WINDRES" />
		</Unit>
		<Extensions>
			<code_completion />
			<envvars />
		</Extensions>
	</Project>
</CodeBlocks_project_file>
