<?xml version="1.0" encoding="UTF-8" standalone="yes" ?>
<CodeBlocks_project_file>
	<FileVersion major="1" minor="6" />
	<Project>
		<Option title="controls" />
		<Option execution_dir="." />
		<Option pch_mode="2" />
		<Option compiler="gcc" />
		<Build>
			<Target title="win_gcc">
				<Option output="bin/$(TARGET_NAME)/$(PROJECT_NAME)" prefix_auto="1" extension_auto="1" />
				<Option object_output=".objs/$(TARGET_NAME)" />
				<Option type="0" />
				<Option compiler="gcc" />
				<Option projectLinkerOptionsRelation="2" />
				<Compiler>
					<Add option="`$(WX_CONFIG) --cflags`" />
				</Compiler>
				<Linker>
					<Add option="`$(WX_CONFIG) --libs base,core,adv`" />
					<Add directory="$(WXWIN)/lib/$(WXCFG)" />
				</Linker>
				<Environment>
					<Variable name="WX_CONFIG" value="wx-config --compiler=gcc --wxcfg=$(WXCFG)" />
				</Environment>
			</Target>
			<Target title="msys2_gcc">
				<Option output="bin/$(TARGET_NAME)/$(PROJECT_NAME)" prefix_auto="1" extension_auto="1" />
				<Option object_output=".objs/$(TARGET_NAME)" />
				<Option type="0" />
				<Option compiler="gcc" />
				<Option projectLinkerOptionsRelation="2" />
				<Compiler>
					<Add option="`$(WX_CONFIG) --cflags`" />
				</Compiler>
				<Linker>
					<Add option="`$(WX_CONFIG) --libs base,core,adv`" />
				</Linker>
				<Environment>
					<Variable name="WX_CONFIG" value="wx-config.exe  --prefix=$(TARGET_COMPILER_DIR)" />
				</Environment>
			</Target>
		</Build>
		<VirtualTargets>
			<Add alias="All" targets="win_gcc;" />
		</VirtualTargets>
		<ResourceCompiler>
			<Add directory="%WXWIN%/include" />
			<Add directory=".." />
		</ResourceCompiler>
		<Unit filename="controls.cpp" />
		<Unit filename="controls.rc">
			<Option compilerVar="WINDRES" />
		</Unit>
		<Unit filename="icons/choice.bmp" />
		<Unit filename="icons/choice.xpm" />
		<Unit filename="icons/combo.bmp" />
		<Unit filename="icons/combo.xpm" />
		<Unit filename="icons/gauge.bmp" />
		<Unit filename="icons/gauge.xpm" />
		<Unit filename="icons/list.bmp" />
		<Unit filename="icons/list.xpm" />
		<Unit filename="icons/radio.bmp" />
		<Unit filename="icons/radio.xpm" />
		<Unit filename="icons/stattext.xpm" />
		<Unit filename="icons/text.bmp" />
		<Unit filename="icons/text.xpm" />
		<Unit filename="test2.bmp" />
		<Extensions>
			<code_completion />
			<envvars />
		</Extensions>
	</Project>
</CodeBlocks_project_file>
